
Microsoft Visual Studio Solution File, Format Version 12.00
# Visual Studio Version 16
VisualStudioVersion = 16.0.31624.102
MinimumVisualStudioVersion = 10.0.40219.1
Project("{FAE04EC0-301F-11D3-BF4B-00C04F79EFBC}") = "ПУШkin", "ПУШkin\ПУШkin.csproj", "{0E256EA0-512A-43EE-99A0-40020845A0DC}"
EndProject
Global
	GlobalSection(SolutionConfigurationPlatforms) = preSolution
		Debug|Any CPU = Debug|Any CPU
		Release|Any CPU = Release|Any CPU
	EndGlobalSection
	GlobalSection(ProjectConfigurationPlatforms) = postSolution
		{0E256EA0-512A-43EE-99A0-40020845A0DC}.Debug|Any CPU.ActiveCfg = Debug|Any CPU
		{0E256EA0-512A-43EE-99A0-40020845A0DC}.Debug|Any CPU.Build.0 = Debug|Any CPU
		{0E256EA0-512A-43EE-99A0-40020845A0DC}.Release|Any CPU.ActiveCfg = Release|Any CPU
		{0E256EA0-512A-43EE-99A0-40020845A0DC}.Release|Any CPU.Build.0 = Release|Any CPU
	EndGlobalSection
	GlobalSection(SolutionProperties) = preSolution
		HideSolutionNode = FALSE
	EndGlobalSection
	GlobalSection(ExtensibilityGlobals) = postSolution
		SolutionGuid = {A6B2518C-79E5-40CD-B40D-4ED57AC3AB66}
	EndGlobalSection
EndGlobal
